
Microsoft Visual Studio Solution File, Format Version 12.00
# Visual Studio Version 17
VisualStudioVersion = 17.1.32210.238
MinimumVisualStudioVersion = 10.0.40219.1
Project("{FAE04EC0-301F-11D3-BF4B-00C04F79EFBC}") = "Display", "Display\Display.csproj", "{7F79F12F-8AF3-425B-A207-F58995DDC9EA}"
EndProject
Project("{8BC9CEB8-8B4A-11D0-8D11-00A0C91BC942}") = "Command_Prompt", "Command_Prompt\Command_Prompt.vcxproj", "{CBE8D2F3-A25F-4F62-A05C-0D085C567296}"
EndProject
Global
	GlobalSection(SolutionConfigurationPlatforms) = preSolution
		Debug|Any CPU = Debug|Any CPU
		Debug|x64 = Debug|x64
		Debug|x86 = Debug|x86
		Release|Any CPU = Release|Any CPU
		Release|x64 = Release|x64
		Release|x86 = Release|x86
	EndGlobalSection
	GlobalSection(ProjectConfigurationPlatforms) = postSolution
		{7F79F12F-8AF3-425B-A207-F58995DDC9EA}.Debug|Any CPU.ActiveCfg = Debug|Any CPU
		{7F79F12F-8AF3-425B-A207-F58995DDC9EA}.Debug|Any CPU.Build.0 = Debug|Any CPU
		{7F79F12F-8AF3-425B-A207-F58995DDC9EA}.Debug|x64.ActiveCfg = Debug|Any CPU
		{7F79F12F-8AF3-425B-A207-F58995DDC9EA}.Debug|x64.Build.0 = Debug|Any CPU
		{7F79F12F-8AF3-425B-A207-F58995DDC9EA}.Debug|x86.ActiveCfg = Debug|Any CPU
		{7F79F12F-8AF3-425B-A207-F58995DDC9EA}.Debug|x86.Build.0 = Debug|Any CPU
		{7F79F12F-8AF3-425B-A207-F58995DDC9EA}.Release|Any CPU.ActiveCfg = Release|Any CPU
		{7F79F12F-8AF3-425B-A207-F58995DDC9EA}.Release|Any CPU.Build.0 = Release|Any CPU
		{7F79F12F-8AF3-425B-A207-F58995DDC9EA}.Release|x64.ActiveCfg = Release|Any CPU
		{7F79F12F-8AF3-425B-A207-F58995DDC9EA}.Release|x64.Build.0 = Release|Any CPU
		{7F79F12F-8AF3-425B-A207-F58995DDC9EA}.Release|x86.ActiveCfg = Release|Any CPU
		{7F79F12F-8AF3-425B-A207-F58995DDC9EA}.Release|x86.Build.0 = Release|Any CPU
		{CBE8D2F3-A25F-4F62-A05C-0D085C567296}.Debug|Any CPU.ActiveCfg = Debug|x64
		{CBE8D2F3-A25F-4F62-A05C-0D085C567296}.Debug|Any CPU.Build.0 = Debug|x64
		{CBE8D2F3-A25F-4F62-A05C-0D085C567296}.Debug|x64.ActiveCfg = Debug|x64
		{CBE8D2F3-A25F-4F62-A05C-0D085C567296}.Debug|x64.Build.0 = Debug|x64
		{CBE8D2F3-A25F-4F62-A05C-0D085C567296}.Debug|x86.ActiveCfg = Debug|Win32
		{CBE8D2F3-A25F-4F62-A05C-0D085C567296}.Debug|x86.Build.0 = Debug|Win32
		{CBE8D2F3-A25F-4F62-A05C-0D085C567296}.Release|Any CPU.ActiveCfg = Release|x64
		{CBE8D2F3-A25F-4F62-A05C-0D085C567296}.Release|Any CPU.Build.0 = Release|x64
		{CBE8D2F3-A25F-4F62-A05C-0D085C567296}.Release|x64.ActiveCfg = Release|x64
		{CBE8D2F3-A25F-4F62-A05C-0D085C567296}.Release|x64.Build.0 = Release|x64
		{CBE8D2F3-A25F-4F62-A05C-0D085C567296}.Release|x86.ActiveCfg = Release|Win32
		{CBE8D2F3-A25F-4F62-A05C-0D085C567296}.Release|x86.Build.0 = Release|Win32
	EndGlobalSection
	GlobalSection(SolutionProperties) = preSolution
		HideSolutionNode = FALSE
	EndGlobalSection
	GlobalSection(ExtensibilityGlobals) = postSolution
		SolutionGuid = {C7982B67-A0E5-4124-8BAC-E124B96ED0EA}
	EndGlobalSection
EndGlobal
